{
  "name": "@my-org/test-app",
  "version": "1.0.0",
  "lockfileVersion": 3,
  "requires": true,
  "packages": {
    "": {
      "name": "@my-org/test-app",
      "version": "1.0.0",
      "dependencies": {
        "express": "^4.18.0",
        "nonexistent-pkg-12345": "^1.0.0",
        "missing-package-test": "^2.0.0"
      },
      "devDependencies": {
        "jest": "^29.0.0",
        "missing-dev-tool-xyz": "^1.0.0"
      }
    },
    "node_modules/express": {
      "version": "4.18.2",
      "resolved": "https://registry.npmjs.org/express/-/express-4.18.2.tgz",
      "integrity": "sha512-..."
    },
    "node_modules/nonexistent-pkg-12345": {
      "version": "1.0.0",
      "resolved": "https://registry.npmjs.org/nonexistent-pkg-12345/-/nonexistent-pkg-12345-1.0.0.tgz",
      "integrity": "sha512-fake-integrity-hash"
    },
    "node_modules/missing-package-test": {
      "version": "2.0.0",
      "resolved": "https://internal-registry.company.com/missing-package-test/-/missing-package-test-2.0.0.tgz",
      "integrity": "sha512-another-fake-hash"
    },
    "node_modules/typosquatted-package": {
      "version": "1.5.0",
      "resolved": "https://registry.npmjs.org/typosquatted-package/-/typosquatted-package-1.5.0.tgz",
      "integrity": "sha512-typosquatted-hash"
    }
  },
  "dependencies": {
    "express": {
      "version": "4.18.2",
      "resolved": "https://registry.npmjs.org/express/-/express-4.18.2.tgz",
      "integrity": "sha512-..."
    },
    "nonexistent-pkg-12345": {
      "version": "1.0.0",
      "resolved": "https://registry.npmjs.org/nonexistent-pkg-12345/-/nonexistent-pkg-12345-1.0.0.tgz",
      "integrity": "sha512-fake-integrity"
    }
  }
}
